{
  "name": "gdelt-toolkit",
  "version": "0.2.0",
  "lockfileVersion": 1,
  "requires": true,
  "dependencies": {
    "JSONStream": {
      "version": "1.3.1",
      "resolved": "https://registry.npmjs.org/JSONStream/-/JSONStream-1.3.1.tgz",
      "integrity": "sha1-cH92HgHa6eFvG8+TcDt4xwlmV5o=",
      "requires": {
        "jsonparse": "1.3.1",
        "through": "2.3.8"
      }
    },
    "ansi-regex": {
      "version": "2.1.1",
      "resolved": "https://registry.npmjs.org/ansi-regex/-/ansi-regex-2.1.1.tgz",
      "integrity": "sha1-w7M6te42DYbg5ijwRorn7yfWVN8="
    },
    "attempt-x": {
      "version": "1.1.1",
      "resolved": "https://registry.npmjs.org/attempt-x/-/attempt-x-1.1.1.tgz",
      "integrity": "sha512-hIp37ojJRRW8ExWSxxLpkDHUufk/DFfsb7/cUC1cVbBg7JV4gJTkCTRa44dlL9e5jx1P3VNrjL7QOQfi4MyltA=="
    },
    "balanced-match": {
      "version": "1.0.0",
      "resolved": "https://registry.npmjs.org/balanced-match/-/balanced-match-1.0.0.tgz",
      "integrity": "sha1-ibTRmasr7kneFk6gK4nORi1xt2c="
    },
    "big-integer": {
      "version": "1.6.25",
      "resolved": "https://registry.npmjs.org/big-integer/-/big-integer-1.6.25.tgz",
      "integrity": "sha1-HeRan1dUKsIBIcaC+NZCIgo06CM="
    },
    "binary": {
      "version": "0.3.0",
      "resolved": "https://registry.npmjs.org/binary/-/binary-0.3.0.tgz",
      "integrity": "sha1-n2BVO8XOjDOG87VTz/R0Yq3sqnk=",
      "requires": {
        "buffers": "0.1.1",
        "chainsaw": "0.1.0"
      }
    },
    "bluebird": {
      "version": "3.4.7",
      "resolved": "https://registry.npmjs.org/bluebird/-/bluebird-3.4.7.tgz",
      "integrity": "sha1-9y12C+Cbf3bQjtj66Ysomo0F+rM="
    },
    "brace-expansion": {
      "version": "1.1.8",
      "resolved": "https://registry.npmjs.org/brace-expansion/-/brace-expansion-1.1.8.tgz",
      "integrity": "sha1-wHshHHyVLsH479Uad+8NHTmQopI=",
      "requires": {
        "balanced-match": "1.0.0",
        "concat-map": "0.0.1"
      }
    },
    "buffer-from": {
      "version": "0.1.1",
      "resolved": "https://registry.npmjs.org/buffer-from/-/buffer-from-0.1.1.tgz",
      "integrity": "sha1-V7GLHaChnsBvM4N6UnWiQjUb114=",
      "requires": {
        "is-array-buffer-x": "1.7.0"
      }
    },
    "buffer-indexof-polyfill": {
      "version": "1.0.1",
      "resolved": "https://registry.npmjs.org/buffer-indexof-polyfill/-/buffer-indexof-polyfill-1.0.1.tgz",
      "integrity": "sha1-qfuAbOgUXVQoUQznLyeLs2OmOL8="
    },
    "buffer-shims": {
      "version": "1.0.0",
      "resolved": "https://registry.npmjs.org/buffer-shims/-/buffer-shims-1.0.0.tgz",
      "integrity": "sha1-mXjOMXOIxkmth5MCjDR37wRKi1E="
    },
    "buffers": {
      "version": "0.1.1",
      "resolved": "https://registry.npmjs.org/buffers/-/buffers-0.1.1.tgz",
      "integrity": "sha1-skV5w77U1tOWru5tmorn9Ugqt7s="
    },
    "cached-constructors-x": {
      "version": "1.0.0",
      "resolved": "https://registry.npmjs.org/cached-constructors-x/-/cached-constructors-x-1.0.0.tgz",
      "integrity": "sha512-JVP0oilYlPgBTD8bkQ+of7hSIJRtydCCJiMtzdRMXVQ98gdj0NyrJTZzbu5wtlO26Ev/1HXRTtbBNsVlLJ3+3A=="
    },
    "camelcase": {
      "version": "4.1.0",
      "resolved": "https://registry.npmjs.org/camelcase/-/camelcase-4.1.0.tgz",
      "integrity": "sha1-1UVjW+HjPFQmScaRc+Xeas+uNN0="
    },
    "chainsaw": {
      "version": "0.1.0",
      "resolved": "https://registry.npmjs.org/chainsaw/-/chainsaw-0.1.0.tgz",
      "integrity": "sha1-XqtQsor+WAdNDVgpE4iCi15fvJg=",
      "requires": {
        "traverse": "0.3.9"
      }
    },
    "cliui": {
      "version": "3.2.0",
      "resolved": "https://registry.npmjs.org/cliui/-/cliui-3.2.0.tgz",
      "integrity": "sha1-EgYBU3qRbSmUD5NNo7SNWFo5IT0=",
      "requires": {
        "string-width": "1.0.2",
        "strip-ansi": "3.0.1",
        "wrap-ansi": "2.1.0"
      },
      "dependencies": {
        "string-width": {
          "version": "1.0.2",
          "resolved": "https://registry.npmjs.org/string-width/-/string-width-1.0.2.tgz",
          "integrity": "sha1-EYvfW4zcUaKn5w0hHgfisLmxB9M=",
          "requires": {
            "code-point-at": "1.1.0",
            "is-fullwidth-code-point": "1.0.0",
            "strip-ansi": "3.0.1"
          }
        }
      }
    },
    "code-point-at": {
      "version": "1.1.0",
      "resolved": "https://registry.npmjs.org/code-point-at/-/code-point-at-1.1.0.tgz",
      "integrity": "sha1-DQcLTQQ6W+ozovGkDi7bPZpMz3c="
    },
    "concat-map": {
      "version": "0.0.1",
      "resolved": "https://registry.npmjs.org/concat-map/-/concat-map-0.0.1.tgz",
      "integrity": "sha1-2Klr13/Wjfd5OnMDajug1UBdR3s="
    },
    "core-util-is": {
      "version": "1.0.2",
      "resolved": "https://registry.npmjs.org/core-util-is/-/core-util-is-1.0.2.tgz",
      "integrity": "sha1-tf1UIgqivFq1eqtxQMlAdUUDwac="
    },
    "cross-spawn": {
      "version": "5.1.0",
      "resolved": "https://registry.npmjs.org/cross-spawn/-/cross-spawn-5.1.0.tgz",
      "integrity": "sha1-6L0O/uWPz/b4+UUQoKVUu/ojVEk=",
      "requires": {
        "lru-cache": "4.1.1",
        "shebang-command": "1.2.0",
        "which": "1.3.0"
      }
    },
    "csv-parse": {
      "version": "2.0.0",
      "resolved": "https://registry.npmjs.org/csv-parse/-/csv-parse-2.0.0.tgz",
      "integrity": "sha1-TqIslzIzmH8HaIxgGi1GAjT/VtE="
    },
    "decamelize": {
      "version": "1.2.0",
      "resolved": "https://registry.npmjs.org/decamelize/-/decamelize-1.2.0.tgz",
      "integrity": "sha1-9lNNFRSCabIDUue+4m9QH5oZEpA="
    },
    "duplexer2": {
      "version": "0.0.2",
      "resolved": "https://registry.npmjs.org/duplexer2/-/duplexer2-0.0.2.tgz",
      "integrity": "sha1-xhTc9n4vsUmVqRcR5aYX6KYKMds=",
      "requires": {
        "readable-stream": "1.1.14"
      }
    },
    "execa": {
      "version": "0.7.0",
      "resolved": "https://registry.npmjs.org/execa/-/execa-0.7.0.tgz",
      "integrity": "sha1-lEvs00zEHuMqY6n68nrVpl/Fl3c=",
      "requires": {
        "cross-spawn": "5.1.0",
        "get-stream": "3.0.0",
        "is-stream": "1.1.0",
        "npm-run-path": "2.0.2",
        "p-finally": "1.0.0",
        "signal-exit": "3.0.2",
        "strip-eof": "1.0.0"
      }
    },
    "find-up": {
      "version": "2.1.0",
      "resolved": "https://registry.npmjs.org/find-up/-/find-up-2.1.0.tgz",
      "integrity": "sha1-RdG35QbHF93UgndaK3eSCjwMV6c=",
      "requires": {
        "locate-path": "2.0.0"
      }
    },
    "fs": {
      "version": "0.0.1-security",
      "resolved": "https://registry.npmjs.org/fs/-/fs-0.0.1-security.tgz",
      "integrity": "sha1-invTcYa23d84E/I4WLV+yq9eQdQ="
    },
    "fs.realpath": {
      "version": "1.0.0",
      "resolved": "https://registry.npmjs.org/fs.realpath/-/fs.realpath-1.0.0.tgz",
      "integrity": "sha1-FQStJSMVjKpA20onh8sBQRmU6k8="
    },
    "fstream": {
      "version": "1.0.11",
      "resolved": "https://registry.npmjs.org/fstream/-/fstream-1.0.11.tgz",
      "integrity": "sha1-XB+x8RdHcRTwYyoOtLcbPLD9MXE=",
      "requires": {
        "graceful-fs": "4.1.11",
        "inherits": "2.0.3",
        "mkdirp": "0.5.1",
        "rimraf": "2.6.2"
      }
    },
    "get-caller-file": {
      "version": "1.0.2",
      "resolved": "https://registry.npmjs.org/get-caller-file/-/get-caller-file-1.0.2.tgz",
      "integrity": "sha1-9wLmMSfn4jHBYKgMFVSstw1QR+U="
    },
    "get-stream": {
      "version": "3.0.0",
      "resolved": "https://registry.npmjs.org/get-stream/-/get-stream-3.0.0.tgz",
      "integrity": "sha1-jpQ9E1jcN1VQVOy+LtsFqhdO3hQ="
    },
    "glob": {
      "version": "7.1.2",
      "resolved": "https://registry.npmjs.org/glob/-/glob-7.1.2.tgz",
      "integrity": "sha512-MJTUg1kjuLeQCJ+ccE4Vpa6kKVXkPYJ2mOCQyUuKLcLQsdrMCpBPUi8qVE6+YuaJkozeA9NusTAw3hLr8Xe5EQ==",
      "requires": {
        "fs.realpath": "1.0.0",
        "inflight": "1.0.6",
        "inherits": "2.0.3",
        "minimatch": "3.0.4",
        "once": "1.4.0",
        "path-is-absolute": "1.0.1"
      }
    },
    "graceful-fs": {
      "version": "4.1.11",
      "resolved": "https://registry.npmjs.org/graceful-fs/-/graceful-fs-4.1.11.tgz",
      "integrity": "sha1-Dovf5NHduIVNZOBOp8AOKgJuVlg="
    },
    "has-own-property-x": {
      "version": "3.2.0",
      "resolved": "https://registry.npmjs.org/has-own-property-x/-/has-own-property-x-3.2.0.tgz",
      "integrity": "sha512-HtRQTYpRFz/YVaQ7jh2mU5iorMAxFcML9FNOLMI1f8VNJ2K0hpOlXoi1a+nmVl6oUcGnhd6zYOFAVe7NUFStyQ==",
      "requires": {
        "cached-constructors-x": "1.0.0",
        "to-object-x": "1.5.0",
        "to-property-key-x": "2.0.2"
      }
    },
    "has-symbol-support-x": {
      "version": "1.4.1",
      "resolved": "https://registry.npmjs.org/has-symbol-support-x/-/has-symbol-support-x-1.4.1.tgz",
      "integrity": "sha512-JkaetveU7hFbqnAC1EV1sF4rlojU2D4Usc5CmS69l6NfmPDnpnFUegzFg33eDkkpNCxZ0mQp65HwUDrNFS/8MA=="
    },
    "has-to-string-tag-x": {
      "version": "1.4.1",
      "resolved": "https://registry.npmjs.org/has-to-string-tag-x/-/has-to-string-tag-x-1.4.1.tgz",
      "integrity": "sha512-vdbKfmw+3LoOYVr+mtxHaX5a96+0f3DljYd8JOqvOLsf5mw2Otda2qCDT9qRqLAhrjyQ0h7ual5nOiASpsGNFw==",
      "requires": {
        "has-symbol-support-x": "1.4.1"
      }
    },
    "hyperquest": {
      "version": "2.1.2",
      "resolved": "https://registry.npmjs.org/hyperquest/-/hyperquest-2.1.2.tgz",
      "integrity": "sha1-ldv2/MdMdJuuVcw5MhM13datwVg=",
      "requires": {
        "buffer-from": "0.1.1",
        "duplexer2": "0.0.2",
        "through2": "0.6.5"
      },
      "dependencies": {
        "readable-stream": {
          "version": "1.0.34",
          "resolved": "https://registry.npmjs.org/readable-stream/-/readable-stream-1.0.34.tgz",
          "integrity": "sha1-Elgg40vIQtLyqq+v5MKRbuMsFXw=",
          "requires": {
            "core-util-is": "1.0.2",
            "inherits": "2.0.3",
            "isarray": "0.0.1",
            "string_decoder": "0.10.31"
          }
        },
        "through2": {
          "version": "0.6.5",
          "resolved": "https://registry.npmjs.org/through2/-/through2-0.6.5.tgz",
          "integrity": "sha1-QaucZ7KdVyCQcUEOHXp6lozTrUg=",
          "requires": {
            "readable-stream": "1.0.34",
            "xtend": "4.0.1"
          }
        }
      }
    },
    "infinity-x": {
      "version": "1.0.0",
      "resolved": "https://registry.npmjs.org/infinity-x/-/infinity-x-1.0.0.tgz",
      "integrity": "sha512-wjy2TupBtZ+aAniKt+xs/PO0xOkuaL6wBysUKbgD7aL1PMW/qY5xXDG59zXZ7dU+gk3zwXOu4yIEWPCEFBTgHQ=="
    },
    "inflight": {
      "version": "1.0.6",
      "resolved": "https://registry.npmjs.org/inflight/-/inflight-1.0.6.tgz",
      "integrity": "sha1-Sb1jMdfQLQwJvJEKEHW6gWW1bfk=",
      "requires": {
        "once": "1.4.0",
        "wrappy": "1.0.2"
      }
    },
    "inherits": {
      "version": "2.0.3",
      "resolved": "https://registry.npmjs.org/inherits/-/inherits-2.0.3.tgz",
      "integrity": "sha1-Yzwsg+PaQqUC9SRmAiSA9CCCYd4="
    },
    "invert-kv": {
      "version": "1.0.0",
      "resolved": "https://registry.npmjs.org/invert-kv/-/invert-kv-1.0.0.tgz",
      "integrity": "sha1-EEqOSqym09jNFXqO+L+rLXo//bY="
    },
    "is-array-buffer-x": {
      "version": "1.7.0",
      "resolved": "https://registry.npmjs.org/is-array-buffer-x/-/is-array-buffer-x-1.7.0.tgz",
      "integrity": "sha512-ufSZRMY2WZX5xyNvk0NOZAG7cgi35B/sGQDGqv8w0X7MoQ2GC9vedanJhuYTPaC4PUCqLQsda1w7NF+dPZmAJw==",
      "requires": {
        "attempt-x": "1.1.1",
        "has-to-string-tag-x": "1.4.1",
        "is-object-like-x": "1.6.0",
        "object-get-own-property-descriptor-x": "3.2.0",
        "to-string-tag-x": "1.4.2"
      }
    },
    "is-date-object": {
      "version": "1.0.1",
      "resolved": "https://registry.npmjs.org/is-date-object/-/is-date-object-1.0.1.tgz",
      "integrity": "sha1-mqIOtq7rv/d/vTPnTKAbM1gdOhY="
    },
    "is-falsey-x": {
      "version": "1.0.1",
      "resolved": "https://registry.npmjs.org/is-falsey-x/-/is-falsey-x-1.0.1.tgz",
      "integrity": "sha512-XWNZC4A+3FX1ECoMjspuEFgSdio82IWjqY/suE0gZ10QA7nzHd/KraRq7Tc5VEHtFRgTRyTdY6W+ykPrDnyoAQ==",
      "requires": {
        "to-boolean-x": "1.0.1"
      }
    },
    "is-finite-x": {
      "version": "3.0.2",
      "resolved": "https://registry.npmjs.org/is-finite-x/-/is-finite-x-3.0.2.tgz",
      "integrity": "sha512-HyFrxJZsgmP5RtR1PVlVvHSP4VslZOqr4uoq4x3rDrSOFaYp4R9tfmiWtAzQxPzixXhac3cYEno3NuVn0OHk2Q==",
      "requires": {
        "infinity-x": "1.0.0",
        "is-nan-x": "1.0.1"
      }
    },
    "is-fullwidth-code-point": {
      "version": "1.0.0",
      "resolved": "https://registry.npmjs.org/is-fullwidth-code-point/-/is-fullwidth-code-point-1.0.0.tgz",
      "integrity": "sha1-754xOG8DGn8NZDr4L95QxFfvAMs=",
      "requires": {
        "number-is-nan": "1.0.1"
      }
    },
    "is-function-x": {
      "version": "3.3.0",
      "resolved": "https://registry.npmjs.org/is-function-x/-/is-function-x-3.3.0.tgz",
      "integrity": "sha512-SreSSU1dlgYaXR5c0mm4qJHKYHIiGiEY+7Cd8/aRLLoMP/VvofD2XcWgBnP833ajpU5XzXbUSpfysnfKZLJFlg==",
      "requires": {
        "attempt-x": "1.1.1",
        "has-to-string-tag-x": "1.4.1",
        "is-falsey-x": "1.0.1",
        "is-primitive": "2.0.0",
        "normalize-space-x": "3.0.0",
        "replace-comments-x": "2.0.0",
        "to-boolean-x": "1.0.1",
        "to-string-tag-x": "1.4.2"
      }
    },
    "is-index-x": {
      "version": "1.1.0",
      "resolved": "https://registry.npmjs.org/is-index-x/-/is-index-x-1.1.0.tgz",
      "integrity": "sha512-qULKLMepQLGC8rSVdi8uF2vI4LiDrU9XSDg1D+Aa657GIB7GV1jHpga7uXgQvkt/cpQ5mVBHUFTpSehYSqT6+A==",
      "requires": {
        "math-clamp-x": "1.2.0",
        "max-safe-integer": "1.0.1",
        "to-integer-x": "3.0.0",
        "to-number-x": "2.0.0",
        "to-string-symbols-supported-x": "1.0.0"
      }
    },
    "is-nan-x": {
      "version": "1.0.1",
      "resolved": "https://registry.npmjs.org/is-nan-x/-/is-nan-x-1.0.1.tgz",
      "integrity": "sha512-VfNJgfuT8USqKCYQss8g7sFvCzDnL+OOVMQoXhVoulZAyp0ZTj3oyZaaPrn2dxepAkKSQI2BiKHbBabX1DqVtw=="
    },
    "is-nil-x": {
      "version": "1.4.1",
      "resolved": "https://registry.npmjs.org/is-nil-x/-/is-nil-x-1.4.1.tgz",
      "integrity": "sha512-cfTKWI5iSR04SSCzzugTH5tS2rYG7kwI8yl/AqWkyuxZ7k55cbA47Y7Lezdg1N9aaELd+UxLg628bdQeNQ6BUw==",
      "requires": {
        "lodash.isnull": "3.0.0",
        "validate.io-undefined": "1.0.3"
      }
    },
    "is-object-like-x": {
      "version": "1.6.0",
      "resolved": "https://registry.npmjs.org/is-object-like-x/-/is-object-like-x-1.6.0.tgz",
      "integrity": "sha512-mc3dBMv1jEOdk0f1i2RkJFsZDux0MuHqGwHOoRo770ShUOf4VE6tWThAW8dAZARr9a5RN+iNX1yzMDA5ad1clQ==",
      "requires": {
        "is-function-x": "3.3.0",
        "is-primitive": "2.0.0"
      }
    },
    "is-primitive": {
      "version": "2.0.0",
      "resolved": "https://registry.npmjs.org/is-primitive/-/is-primitive-2.0.0.tgz",
      "integrity": "sha1-IHurkWOEmcB7Kt8kCkGochADRXU="
    },
    "is-stream": {
      "version": "1.1.0",
      "resolved": "https://registry.npmjs.org/is-stream/-/is-stream-1.1.0.tgz",
      "integrity": "sha1-EtSj3U5o4Lec6428hBc66A2RykQ="
    },
    "is-string": {
      "version": "1.0.4",
      "resolved": "https://registry.npmjs.org/is-string/-/is-string-1.0.4.tgz",
      "integrity": "sha1-zDqbaYV9Yh6WNyWiTK7shzuCbmQ="
    },
    "is-symbol": {
      "version": "1.0.1",
      "resolved": "https://registry.npmjs.org/is-symbol/-/is-symbol-1.0.1.tgz",
      "integrity": "sha1-PMWfAAJRlLarLjjbrmaJJWtmBXI="
    },
    "isarray": {
      "version": "0.0.1",
      "resolved": "https://registry.npmjs.org/isarray/-/isarray-0.0.1.tgz",
      "integrity": "sha1-ihis/Kmo9Bd+Cav8YDiTmwXR7t8="
    },
    "isexe": {
      "version": "2.0.0",
      "resolved": "https://registry.npmjs.org/isexe/-/isexe-2.0.0.tgz",
      "integrity": "sha1-6PvzdNxVb/iUehDcsFctYz8s+hA="
    },
    "jsonparse": {
      "version": "1.3.1",
      "resolved": "https://registry.npmjs.org/jsonparse/-/jsonparse-1.3.1.tgz",
      "integrity": "sha1-P02uSpH6wxX3EGL4UhzCOfE2YoA="
    },
    "lcid": {
      "version": "1.0.0",
      "resolved": "https://registry.npmjs.org/lcid/-/lcid-1.0.0.tgz",
      "integrity": "sha1-MIrMr6C8SDo4Z7S28rlQYlHRuDU=",
      "requires": {
        "invert-kv": "1.0.0"
      }
    },
    "listenercount": {
      "version": "1.0.1",
      "resolved": "https://registry.npmjs.org/listenercount/-/listenercount-1.0.1.tgz",
      "integrity": "sha1-hMinKrWcRyUyFIDJdeZQg0LnCTc="
    },
    "locate-path": {
      "version": "2.0.0",
      "resolved": "https://registry.npmjs.org/locate-path/-/locate-path-2.0.0.tgz",
      "integrity": "sha1-K1aLJl7slExtnA3pw9u7ygNUzY4=",
      "requires": {
        "p-locate": "2.0.0",
        "path-exists": "3.0.0"
      }
    },
    "lodash.isnull": {
      "version": "3.0.0",
      "resolved": "https://registry.npmjs.org/lodash.isnull/-/lodash.isnull-3.0.0.tgz",
      "integrity": "sha1-+vvlnqHcon7teGU0A53YTC4HxW4="
    },
    "lru-cache": {
      "version": "4.1.1",
      "resolved": "https://registry.npmjs.org/lru-cache/-/lru-cache-4.1.1.tgz",
      "integrity": "sha512-q4spe4KTfsAS1SUHLO0wz8Qiyf1+vMIAgpRYioFYDMNqKfHQbg+AVDH3i4fvpl71/P1L0dBl+fQi+P37UYf0ew==",
      "requires": {
        "pseudomap": "1.0.2",
        "yallist": "2.1.2"
      }
    },
    "math-clamp-x": {
      "version": "1.2.0",
      "resolved": "https://registry.npmjs.org/math-clamp-x/-/math-clamp-x-1.2.0.tgz",
      "integrity": "sha512-tqpjpBcIf9UulApz3EjWXqTZpMlr2vLN9PryC9ghoyCuRmqZaf3JJhPddzgQpJnKLi2QhoFnvKBFtJekAIBSYg==",
      "requires": {
        "to-number-x": "2.0.0"
      }
    },
    "math-sign-x": {
      "version": "3.0.0",
      "resolved": "https://registry.npmjs.org/math-sign-x/-/math-sign-x-3.0.0.tgz",
      "integrity": "sha512-OzPas41Pn4d16KHnaXmGxxY3/l3zK4OIXtmIwdhgZsxz4FDDcNnbrABYPg2vGfxIkaT9ezGnzDviRH7RfF44jQ==",
      "requires": {
        "is-nan-x": "1.0.1",
        "to-number-x": "2.0.0"
      }
    },
    "max-safe-integer": {
      "version": "1.0.1",
      "resolved": "https://registry.npmjs.org/max-safe-integer/-/max-safe-integer-1.0.1.tgz",
      "integrity": "sha1-84BgvixWPYwC5tSK85Ei/YO29BA="
    },
    "mem": {
      "version": "1.1.0",
      "resolved": "https://registry.npmjs.org/mem/-/mem-1.1.0.tgz",
      "integrity": "sha1-Xt1StIXKHZAP5kiVUFOZoN+kX3Y=",
      "requires": {
        "mimic-fn": "1.1.0"
      }
    },
    "mimic-fn": {
      "version": "1.1.0",
      "resolved": "https://registry.npmjs.org/mimic-fn/-/mimic-fn-1.1.0.tgz",
      "integrity": "sha1-5md4PZLonb00KBi1IwudYqZyrRg="
    },
    "minimatch": {
      "version": "3.0.4",
      "resolved": "https://registry.npmjs.org/minimatch/-/minimatch-3.0.4.tgz",
      "integrity": "sha512-yJHVQEhyqPLUTgt9B83PXu6W3rx4MvvHvSUvToogpwoGDOUQ+yDrR0HRot+yOCdCO7u4hX3pWft6kWBBcqh0UA==",
      "requires": {
        "brace-expansion": "1.1.8"
      }
    },
    "minimist": {
      "version": "0.0.8",
      "resolved": "https://registry.npmjs.org/minimist/-/minimist-0.0.8.tgz",
      "integrity": "sha1-hX/Kv8M5fSYluCKCYuhqp6ARsF0="
    },
    "mkdirp": {
      "version": "0.5.1",
      "resolved": "https://registry.npmjs.org/mkdirp/-/mkdirp-0.5.1.tgz",
      "integrity": "sha1-MAV0OOrGz3+MR2fzhkjWaX11yQM=",
      "requires": {
        "minimist": "0.0.8"
      }
    },
    "n3": {
      "version": "0.11.2",
      "resolved": "https://registry.npmjs.org/n3/-/n3-0.11.2.tgz",
      "integrity": "sha512-ICSiOmFLbZ4gI35+4H3e2vYGHDC944WZkCa1iVNRAx/mRZESEevQNFhfHaui/lhqynoZYvBVDNjM/2Tfd3TICQ=="
    },
    "nan-x": {
      "version": "1.0.0",
      "resolved": "https://registry.npmjs.org/nan-x/-/nan-x-1.0.0.tgz",
      "integrity": "sha512-yw4Fhe2/UTzanQ4f0yHWkRnfTuHZFAi4GZDjXS4G+qv5BqXTqPJBbSxpa7MyyW9v4Y4ZySZQik1vcbNkhdnIOg=="
    },
    "normalize-space-x": {
      "version": "3.0.0",
      "resolved": "https://registry.npmjs.org/normalize-space-x/-/normalize-space-x-3.0.0.tgz",
      "integrity": "sha512-tbCJerqZCCHPst4rRKgsTanLf45fjOyeAU5zE3mhDxJtFJKt66q39g2XArWhXelgTFVib8mNBUm6Wrd0LxYcfQ==",
      "requires": {
        "cached-constructors-x": "1.0.0",
        "trim-x": "3.0.0",
        "white-space-x": "3.0.0"
      }
    },
    "npm-run-path": {
      "version": "2.0.2",
      "resolved": "https://registry.npmjs.org/npm-run-path/-/npm-run-path-2.0.2.tgz",
      "integrity": "sha1-NakjLfo11wZ7TLLd8jV7GHFTbF8=",
      "requires": {
        "path-key": "2.0.1"
      }
    },
    "number-is-nan": {
      "version": "1.0.1",
      "resolved": "https://registry.npmjs.org/number-is-nan/-/number-is-nan-1.0.1.tgz",
      "integrity": "sha1-CXtgK1NCKlIsGvuHkDGDNpQaAR0="
    },
    "object-get-own-property-descriptor-x": {
      "version": "3.2.0",
      "resolved": "https://registry.npmjs.org/object-get-own-property-descriptor-x/-/object-get-own-property-descriptor-x-3.2.0.tgz",
      "integrity": "sha512-Z/0fIrptD9YuzN+SNK/1kxAEaBcPQM4gSrtOSMSi9eplnL/AbyQcAyAlreAoAzmBon+DQ1Z+AdhxyQSvav5Fyg==",
      "requires": {
        "attempt-x": "1.1.1",
        "has-own-property-x": "3.2.0",
        "has-symbol-support-x": "1.4.1",
        "is-falsey-x": "1.0.1",
        "is-index-x": "1.1.0",
        "is-primitive": "2.0.0",
        "is-string": "1.0.4",
        "property-is-enumerable-x": "1.1.0",
        "to-object-x": "1.5.0",
        "to-property-key-x": "2.0.2"
      }
    },
    "once": {
      "version": "1.4.0",
      "resolved": "https://registry.npmjs.org/once/-/once-1.4.0.tgz",
      "integrity": "sha1-WDsap3WWHUsROsF9nFC6753Xa9E=",
      "requires": {
        "wrappy": "1.0.2"
      }
    },
    "os-locale": {
      "version": "2.1.0",
      "resolved": "https://registry.npmjs.org/os-locale/-/os-locale-2.1.0.tgz",
      "integrity": "sha512-3sslG3zJbEYcaC4YVAvDorjGxc7tv6KVATnLPZONiljsUncvihe9BQoVCEs0RZ1kmf4Hk9OBqlZfJZWI4GanKA==",
      "requires": {
        "execa": "0.7.0",
        "lcid": "1.0.0",
        "mem": "1.1.0"
      }
    },
    "p-finally": {
      "version": "1.0.0",
      "resolved": "https://registry.npmjs.org/p-finally/-/p-finally-1.0.0.tgz",
      "integrity": "sha1-P7z7FbiZpEEjs0ttzBi3JDNqLK4="
    },
    "p-limit": {
      "version": "1.1.0",
      "resolved": "https://registry.npmjs.org/p-limit/-/p-limit-1.1.0.tgz",
      "integrity": "sha1-sH/y2aXYi+yAYDWJWiurZqJ5iLw="
    },
    "p-locate": {
      "version": "2.0.0",
      "resolved": "https://registry.npmjs.org/p-locate/-/p-locate-2.0.0.tgz",
      "integrity": "sha1-IKAQOyIqcMj9OcwuWAaA893l7EM=",
      "requires": {
        "p-limit": "1.1.0"
      }
    },
    "parse-int-x": {
      "version": "2.0.0",
      "resolved": "https://registry.npmjs.org/parse-int-x/-/parse-int-x-2.0.0.tgz",
      "integrity": "sha512-NIMm52gmd1+0qxJK8lV3OZ4zzWpRH1xcz9xCHXl+DNzddwUdS4NEtd7BmTeK7iCIXoaK5e6BoDMHgieH2eNIhg==",
      "requires": {
        "cached-constructors-x": "1.0.0",
        "nan-x": "1.0.0",
        "to-string-x": "1.4.2",
        "trim-left-x": "3.0.0"
      }
    },
    "path-exists": {
      "version": "3.0.0",
      "resolved": "https://registry.npmjs.org/path-exists/-/path-exists-3.0.0.tgz",
      "integrity": "sha1-zg6+ql94yxiSXqfYENe1mwEP1RU="
    },
    "path-is-absolute": {
      "version": "1.0.1",
      "resolved": "https://registry.npmjs.org/path-is-absolute/-/path-is-absolute-1.0.1.tgz",
      "integrity": "sha1-F0uSaHNVNP+8es5r9TpanhtcX18="
    },
    "path-key": {
      "version": "2.0.1",
      "resolved": "https://registry.npmjs.org/path-key/-/path-key-2.0.1.tgz",
      "integrity": "sha1-QRyttXTFoUDTpLGRDUDYDMn0C0A="
    },
    "process-nextick-args": {
      "version": "1.0.7",
      "resolved": "https://registry.npmjs.org/process-nextick-args/-/process-nextick-args-1.0.7.tgz",
      "integrity": "sha1-FQ4gt1ZZCtP5EJPyWk8q2L/zC6M="
    },
    "property-is-enumerable-x": {
      "version": "1.1.0",
      "resolved": "https://registry.npmjs.org/property-is-enumerable-x/-/property-is-enumerable-x-1.1.0.tgz",
      "integrity": "sha512-22cKy3w3OpRswU6to9iKWDDlg+F9vF2REcwGlGW23jyLjHb1U/jJEWA44sWupOnkhGfDgotU6Lw+N2oyhNi+5A==",
      "requires": {
        "to-object-x": "1.5.0",
        "to-property-key-x": "2.0.2"
      }
    },
    "pseudomap": {
      "version": "1.0.2",
      "resolved": "https://registry.npmjs.org/pseudomap/-/pseudomap-1.0.2.tgz",
      "integrity": "sha1-8FKijacOYYkX7wqKw0wa5aaChrM="
    },
    "ramda": {
      "version": "0.25.0",
      "resolved": "https://registry.npmjs.org/ramda/-/ramda-0.25.0.tgz",
      "integrity": "sha512-GXpfrYVPwx3K7RQ6aYT8KPS8XViSXUVJT1ONhoKPE9VAleW42YE+U+8VEyGWt41EnEQW7gwecYJriTI0pKoecQ=="
    },
    "readable-stream": {
      "version": "1.1.14",
      "resolved": "https://registry.npmjs.org/readable-stream/-/readable-stream-1.1.14.tgz",
      "integrity": "sha1-fPTFTvZI44EwhMY23SB54WbAgdk=",
      "requires": {
        "core-util-is": "1.0.2",
        "inherits": "2.0.3",
        "isarray": "0.0.1",
        "string_decoder": "0.10.31"
      }
    },
    "replace-comments-x": {
      "version": "2.0.0",
      "resolved": "https://registry.npmjs.org/replace-comments-x/-/replace-comments-x-2.0.0.tgz",
      "integrity": "sha512-+vMP4jqU+8HboLWms6YMNEiaZG5hh1oR6ENCnGYDF/UQ7aYiJUK/8tcl3+KZAHRCKKa3gqzrfiarlUBHQSgRlg==",
      "requires": {
        "require-coercible-to-string-x": "1.0.0",
        "to-string-x": "1.4.2"
      }
    },
    "require-coercible-to-string-x": {
      "version": "1.0.0",
      "resolved": "https://registry.npmjs.org/require-coercible-to-string-x/-/require-coercible-to-string-x-1.0.0.tgz",
      "integrity": "sha512-Rpfd4sMdflPAKecdKhfAtQHlZzzle4UMUgxJ01hXtTcNWMV8w9GeZnKhEyrT73kgrflBOP1zg41amUPZGcNspA==",
      "requires": {
        "require-object-coercible-x": "1.4.1",
        "to-string-x": "1.4.2"
      }
    },
    "require-directory": {
      "version": "2.1.1",
      "resolved": "https://registry.npmjs.org/require-directory/-/require-directory-2.1.1.tgz",
      "integrity": "sha1-jGStX9MNqxyXbiNE/+f3kqam30I="
    },
    "require-main-filename": {
      "version": "1.0.1",
      "resolved": "https://registry.npmjs.org/require-main-filename/-/require-main-filename-1.0.1.tgz",
      "integrity": "sha1-l/cXtp1IeE9fUmpsWqj/3aBVpNE="
    },
    "require-object-coercible-x": {
      "version": "1.4.1",
      "resolved": "https://registry.npmjs.org/require-object-coercible-x/-/require-object-coercible-x-1.4.1.tgz",
      "integrity": "sha512-0YHa2afepsLfQvwQ1P2XvDZnGOUia5sC07ZijIRU2dnsRxnuilXWF6B2CFaKGDA9eZl39lJHrXCDsnfgroRd6Q==",
      "requires": {
        "is-nil-x": "1.4.1"
      }
    },
    "rimraf": {
      "version": "2.6.2",
      "resolved": "https://registry.npmjs.org/rimraf/-/rimraf-2.6.2.tgz",
      "integrity": "sha512-lreewLK/BlghmxtfH36YYVg1i8IAce4TI7oao75I1g245+6BctqTVQiBP3YUJ9C6DQOXJmkYR9X9fCLtCOJc5w==",
      "requires": {
        "glob": "7.1.2"
      }
    },
    "safe-buffer": {
      "version": "5.1.1",
      "resolved": "https://registry.npmjs.org/safe-buffer/-/safe-buffer-5.1.1.tgz",
      "integrity": "sha512-kKvNJn6Mm93gAczWVJg7wH+wGYWNrDHdWvpUmHyEsgCtIwwo3bqPtV4tR5tuPaUhTOo/kvhVwd8XwwOllGYkbg=="
    },
    "set-blocking": {
      "version": "2.0.0",
      "resolved": "https://registry.npmjs.org/set-blocking/-/set-blocking-2.0.0.tgz",
      "integrity": "sha1-BF+XgtARrppoA93TgrJDkrPYkPc="
    },
    "setimmediate": {
      "version": "1.0.5",
      "resolved": "https://registry.npmjs.org/setimmediate/-/setimmediate-1.0.5.tgz",
      "integrity": "sha1-KQy7Iy4waULX1+qbg3Mqt4VvgoU="
    },
    "shebang-command": {
      "version": "1.2.0",
      "resolved": "https://registry.npmjs.org/shebang-command/-/shebang-command-1.2.0.tgz",
      "integrity": "sha1-RKrGW2lbAzmJaMOfNj/uXer98eo=",
      "requires": {
        "shebang-regex": "1.0.0"
      }
    },
    "shebang-regex": {
      "version": "1.0.0",
      "resolved": "https://registry.npmjs.org/shebang-regex/-/shebang-regex-1.0.0.tgz",
      "integrity": "sha1-2kL0l0DAtC2yypcoVxyxkMmO/qM="
    },
    "signal-exit": {
      "version": "3.0.2",
      "resolved": "https://registry.npmjs.org/signal-exit/-/signal-exit-3.0.2.tgz",
      "integrity": "sha1-tf3AjxKH6hF4Yo5BXiUTK3NkbG0="
    },
    "string-width": {
      "version": "2.1.1",
      "resolved": "https://registry.npmjs.org/string-width/-/string-width-2.1.1.tgz",
      "integrity": "sha512-nOqH59deCq9SRHlxq1Aw85Jnt4w6KvLKqWVik6oA9ZklXLNIOlqg4F2yrT1MVaTjAqvVwdfeZ7w7aCvJD7ugkw==",
      "requires": {
        "is-fullwidth-code-point": "2.0.0",
        "strip-ansi": "4.0.0"
      },
      "dependencies": {
        "ansi-regex": {
          "version": "3.0.0",
          "resolved": "https://registry.npmjs.org/ansi-regex/-/ansi-regex-3.0.0.tgz",
          "integrity": "sha1-7QMXwyIGT3lGbAKWa922Bas32Zg="
        },
        "is-fullwidth-code-point": {
          "version": "2.0.0",
          "resolved": "https://registry.npmjs.org/is-fullwidth-code-point/-/is-fullwidth-code-point-2.0.0.tgz",
          "integrity": "sha1-o7MKXE8ZkYMWeqq5O+764937ZU8="
        },
        "strip-ansi": {
          "version": "4.0.0",
          "resolved": "https://registry.npmjs.org/strip-ansi/-/strip-ansi-4.0.0.tgz",
          "integrity": "sha1-qEeQIusaw2iocTibY1JixQXuNo8=",
          "requires": {
            "ansi-regex": "3.0.0"
          }
        }
      }
    },
    "string_decoder": {
      "version": "0.10.31",
      "resolved": "https://registry.npmjs.org/string_decoder/-/string_decoder-0.10.31.tgz",
      "integrity": "sha1-YuIDvEF2bGwoyfyEMB2rHFMQ+pQ="
    },
    "strip-ansi": {
      "version": "3.0.1",
      "resolved": "https://registry.npmjs.org/strip-ansi/-/strip-ansi-3.0.1.tgz",
      "integrity": "sha1-ajhfuIU9lS1f8F0Oiq+UJ43GPc8=",
      "requires": {
        "ansi-regex": "2.1.1"
      }
    },
    "strip-eof": {
      "version": "1.0.0",
      "resolved": "https://registry.npmjs.org/strip-eof/-/strip-eof-1.0.0.tgz",
      "integrity": "sha1-u0P/VZim6wXYm1n80SnJgzE2Br8="
    },
    "through": {
      "version": "2.3.8",
      "resolved": "https://registry.npmjs.org/through/-/through-2.3.8.tgz",
      "integrity": "sha1-DdTJ/6q8NXlgsbckEV1+Doai4fU="
    },
    "through2": {
      "version": "2.0.3",
      "resolved": "https://registry.npmjs.org/through2/-/through2-2.0.3.tgz",
      "integrity": "sha1-AARWmzfHx0ujnEPzzteNGtlBQL4=",
      "requires": {
        "readable-stream": "2.3.3",
        "xtend": "4.0.1"
      },
      "dependencies": {
        "isarray": {
          "version": "1.0.0",
          "resolved": "https://registry.npmjs.org/isarray/-/isarray-1.0.0.tgz",
          "integrity": "sha1-u5NdSFgsuhaMBoNJV6VKPgcSTxE="
        },
        "readable-stream": {
          "version": "2.3.3",
          "resolved": "https://registry.npmjs.org/readable-stream/-/readable-stream-2.3.3.tgz",
          "integrity": "sha512-m+qzzcn7KUxEmd1gMbchF+Y2eIUbieUaxkWtptyHywrX0rE8QEYqPC07Vuy4Wm32/xE16NcdBctb8S0Xe/5IeQ==",
          "requires": {
            "core-util-is": "1.0.2",
            "inherits": "2.0.3",
            "isarray": "1.0.0",
            "process-nextick-args": "1.0.7",
            "safe-buffer": "5.1.1",
            "string_decoder": "1.0.3",
            "util-deprecate": "1.0.2"
          }
        },
        "string_decoder": {
          "version": "1.0.3",
          "resolved": "https://registry.npmjs.org/string_decoder/-/string_decoder-1.0.3.tgz",
          "integrity": "sha512-4AH6Z5fzNNBcH+6XDMfA/BTt87skxqJlO0lAh3Dker5zThcAxG6mKz+iGu308UKoPPQ8Dcqx/4JhujzltRa+hQ==",
          "requires": {
            "safe-buffer": "5.1.1"
          }
        }
      }
    },
    "to-boolean-x": {
      "version": "1.0.1",
      "resolved": "https://registry.npmjs.org/to-boolean-x/-/to-boolean-x-1.0.1.tgz",
      "integrity": "sha512-PstxY3K6hVEHnY3FITs8XBoJbt0RI1e4MLIhAL9hWa3BtVLCrb86vU5z6lEKh7uZZjiPiLqIKMmfMro1nNgtXQ=="
    },
    "to-integer-x": {
      "version": "3.0.0",
      "resolved": "https://registry.npmjs.org/to-integer-x/-/to-integer-x-3.0.0.tgz",
      "integrity": "sha512-794L2Lpwjtynm7RxahJi2YdbRY75gTxUW27TMuN26UgwPkmJb/+HPhkFEFbz+E4vNoiP0dxq5tq5fkXoXLaK/w==",
      "requires": {
        "is-finite-x": "3.0.2",
        "is-nan-x": "1.0.1",
        "math-sign-x": "3.0.0",
        "to-number-x": "2.0.0"
      }
    },
    "to-number-x": {
      "version": "2.0.0",
      "resolved": "https://registry.npmjs.org/to-number-x/-/to-number-x-2.0.0.tgz",
      "integrity": "sha512-lGOnCoccUoSzjZ/9Uen8TC4+VFaQcFGhTroWTv2tYWxXgyJV1zqAZ8hEIMkez/Eo790fBMOjidTnQ/OJSCvAoQ==",
      "requires": {
        "cached-constructors-x": "1.0.0",
        "nan-x": "1.0.0",
        "parse-int-x": "2.0.0",
        "to-primitive-x": "1.1.0",
        "trim-x": "3.0.0"
      }
    },
    "to-object-x": {
      "version": "1.5.0",
      "resolved": "https://registry.npmjs.org/to-object-x/-/to-object-x-1.5.0.tgz",
      "integrity": "sha512-AKn5GQcdWky+s20vjWkt+Wa6y3dxQH3yQyMBhOfBOPldUwqwhgvlqcIg5H092ntNc+TX8/Cxzs1kMHH19pyCnA==",
      "requires": {
        "cached-constructors-x": "1.0.0",
        "require-object-coercible-x": "1.4.1"
      }
    },
    "to-primitive-x": {
      "version": "1.1.0",
      "resolved": "https://registry.npmjs.org/to-primitive-x/-/to-primitive-x-1.1.0.tgz",
      "integrity": "sha512-gyMY0gi3wjK3e4MUBKqv9Zl8QGcWguIkaUr2VJmoBEsOpDcpDZSEyljR773eVG4maS48uX7muLkoQoh/BA82OQ==",
      "requires": {
        "has-symbol-support-x": "1.4.1",
        "is-date-object": "1.0.1",
        "is-function-x": "3.3.0",
        "is-nil-x": "1.4.1",
        "is-primitive": "2.0.0",
        "is-symbol": "1.0.1",
        "require-object-coercible-x": "1.4.1",
        "validate.io-undefined": "1.0.3"
      }
    },
    "to-property-key-x": {
      "version": "2.0.2",
      "resolved": "https://registry.npmjs.org/to-property-key-x/-/to-property-key-x-2.0.2.tgz",
      "integrity": "sha512-YISLpZFYIazNm0P8hLsKEEUEZ3m8U3+eDysJZqTu3+B9tQp+2TrMpaEGT8Agh4fZ5LSoums60/glNEzk5ozqrg==",
      "requires": {
        "has-symbol-support-x": "1.4.1",
        "to-primitive-x": "1.1.0",
        "to-string-x": "1.4.2"
      }
    },
    "to-string-symbols-supported-x": {
      "version": "1.0.0",
      "resolved": "https://registry.npmjs.org/to-string-symbols-supported-x/-/to-string-symbols-supported-x-1.0.0.tgz",
      "integrity": "sha512-HbVH673pybrUmhzESGHUm17BBJvqb7BU8HciOvuEYm9ipuDyjmddhvkVqpVW6sM/C5/zhJo17n7O7I/24loJIQ==",
      "requires": {
        "cached-constructors-x": "1.0.0",
        "has-symbol-support-x": "1.4.1",
        "is-symbol": "1.0.1"
      }
    },
    "to-string-tag-x": {
      "version": "1.4.2",
      "resolved": "https://registry.npmjs.org/to-string-tag-x/-/to-string-tag-x-1.4.2.tgz",
      "integrity": "sha512-ytO9eLigxsQQLGuab0C1iSSTzKdJNVSlBg0Spg4J/rGAVrQJ5y774mo0SSzgGeTT4RJGGyJNfObXaTMzX0XDOQ==",
      "requires": {
        "lodash.isnull": "3.0.0",
        "validate.io-undefined": "1.0.3"
      }
    },
    "to-string-x": {
      "version": "1.4.2",
      "resolved": "https://registry.npmjs.org/to-string-x/-/to-string-x-1.4.2.tgz",
      "integrity": "sha512-/WP5arlwtCpAAexCCHiQBW0eXwse84osWyP1Qtaz71nsYSuUpOkT6tBm8nQ4IIUfSh5hji0hDupUCD2xbbOL6A==",
      "requires": {
        "is-symbol": "1.0.1"
      }
    },
    "traverse": {
      "version": "0.3.9",
      "resolved": "https://registry.npmjs.org/traverse/-/traverse-0.3.9.tgz",
      "integrity": "sha1-cXuPIgzAu3tE5AUUwisui7xw2Lk="
    },
    "trim-left-x": {
      "version": "3.0.0",
      "resolved": "https://registry.npmjs.org/trim-left-x/-/trim-left-x-3.0.0.tgz",
      "integrity": "sha512-+m6cqkppI+CxQBTwWEZliOHpOBnCArGyMnS1WCLb6IRgukhTkiQu/TNEN5Lj2eM9jk8ewJsc7WxFZfmwNpRXWQ==",
      "requires": {
        "cached-constructors-x": "1.0.0",
        "require-coercible-to-string-x": "1.0.0",
        "white-space-x": "3.0.0"
      }
    },
    "trim-right-x": {
      "version": "3.0.0",
      "resolved": "https://registry.npmjs.org/trim-right-x/-/trim-right-x-3.0.0.tgz",
      "integrity": "sha512-iIqEsWEbWVodqdixJHi4FoayJkUxhoL4AvSNGp4FF4FfQKRPGizt8++/RnyC9od75y7P/S6EfONoVqP+NddiKA==",
      "requires": {
        "cached-constructors-x": "1.0.0",
        "require-coercible-to-string-x": "1.0.0",
        "white-space-x": "3.0.0"
      }
    },
    "trim-x": {
      "version": "3.0.0",
      "resolved": "https://registry.npmjs.org/trim-x/-/trim-x-3.0.0.tgz",
      "integrity": "sha512-w8s38RAUScQ6t3XqMkS75iz5ZkIYLQpVnv2lp3IuTS36JdlVzC54oe6okOf4Wz3UH4rr3XAb2xR3kR5Xei82fw==",
      "requires": {
        "trim-left-x": "3.0.0",
        "trim-right-x": "3.0.0"
      }
    },
    "unzipper": {
      "version": "0.8.9",
      "resolved": "https://registry.npmjs.org/unzipper/-/unzipper-0.8.9.tgz",
      "integrity": "sha512-IgZkypBqL5dTjxTc00n2PxMVtdWBDvozkf94h3nibrHPV28nDhmJmF80GLbPXjFCvuYV8sr72dJjXsmXR5Qjfw==",
      "requires": {
        "big-integer": "1.6.25",
        "binary": "0.3.0",
        "bluebird": "3.4.7",
        "buffer-indexof-polyfill": "1.0.1",
        "duplexer2": "0.1.4",
        "fstream": "1.0.11",
        "listenercount": "1.0.1",
        "readable-stream": "2.1.5",
        "setimmediate": "1.0.5"
      },
      "dependencies": {
        "duplexer2": {
          "version": "0.1.4",
          "resolved": "https://registry.npmjs.org/duplexer2/-/duplexer2-0.1.4.tgz",
          "integrity": "sha1-ixLauHjA1p4+eJEFFmKjL8a93ME=",
          "requires": {
            "readable-stream": "2.1.5"
          }
        },
        "isarray": {
          "version": "1.0.0",
          "resolved": "https://registry.npmjs.org/isarray/-/isarray-1.0.0.tgz",
          "integrity": "sha1-u5NdSFgsuhaMBoNJV6VKPgcSTxE="
        },
        "readable-stream": {
          "version": "2.1.5",
          "resolved": "https://registry.npmjs.org/readable-stream/-/readable-stream-2.1.5.tgz",
          "integrity": "sha1-ZvqLcg4UOLNkaB8q0aY8YYRIydA=",
          "requires": {
            "buffer-shims": "1.0.0",
            "core-util-is": "1.0.2",
            "inherits": "2.0.3",
            "isarray": "1.0.0",
            "process-nextick-args": "1.0.7",
            "string_decoder": "0.10.31",
            "util-deprecate": "1.0.2"
          }
        }
      }
    },
    "util-deprecate": {
      "version": "1.0.2",
      "resolved": "https://registry.npmjs.org/util-deprecate/-/util-deprecate-1.0.2.tgz",
      "integrity": "sha1-RQ1Nyfpw3nMnYvvS1KKJgUGaDM8="
    },
    "uuid": {
      "version": "3.1.0",
      "resolved": "https://registry.npmjs.org/uuid/-/uuid-3.1.0.tgz",
      "integrity": "sha512-DIWtzUkw04M4k3bf1IcpS2tngXEL26YUD2M0tMDUpnUrz2hgzUBlD55a4FjdLGPvfHxS6uluGWvaVEqgBcVa+g=="
    },
    "validate.io-undefined": {
      "version": "1.0.3",
      "resolved": "https://registry.npmjs.org/validate.io-undefined/-/validate.io-undefined-1.0.3.tgz",
      "integrity": "sha1-fif8uzFbhB54JDQxiXZxkp4gt/Q="
    },
    "which": {
      "version": "1.3.0",
      "resolved": "https://registry.npmjs.org/which/-/which-1.3.0.tgz",
      "integrity": "sha512-xcJpopdamTuY5duC/KnTTNBraPK54YwpenP4lzxU8H91GudWpFv38u0CKjclE1Wi2EH2EDz5LRcHcKbCIzqGyg==",
      "requires": {
        "isexe": "2.0.0"
      }
    },
    "which-module": {
      "version": "2.0.0",
      "resolved": "https://registry.npmjs.org/which-module/-/which-module-2.0.0.tgz",
      "integrity": "sha1-2e8H3Od7mQK4o6j6SzHD4/fm6Ho="
    },
    "white-space-x": {
      "version": "3.0.0",
      "resolved": "https://registry.npmjs.org/white-space-x/-/white-space-x-3.0.0.tgz",
      "integrity": "sha512-nMPVXGMdi/jQepXKryxqzEh/vCwdOYY/u6NZy40glMHvZfEr7/+vQKnDhEq4rZ1nniOFq9GWohQYB30uW/5Olg=="
    },
    "wrap-ansi": {
      "version": "2.1.0",
      "resolved": "https://registry.npmjs.org/wrap-ansi/-/wrap-ansi-2.1.0.tgz",
      "integrity": "sha1-2Pw9KE3QV5T+hJc8rs3Rz4JP3YU=",
      "requires": {
        "string-width": "1.0.2",
        "strip-ansi": "3.0.1"
      },
      "dependencies": {
        "string-width": {
          "version": "1.0.2",
          "resolved": "https://registry.npmjs.org/string-width/-/string-width-1.0.2.tgz",
          "integrity": "sha1-EYvfW4zcUaKn5w0hHgfisLmxB9M=",
          "requires": {
            "code-point-at": "1.1.0",
            "is-fullwidth-code-point": "1.0.0",
            "strip-ansi": "3.0.1"
          }
        }
      }
    },
    "wrappy": {
      "version": "1.0.2",
      "resolved": "https://registry.npmjs.org/wrappy/-/wrappy-1.0.2.tgz",
      "integrity": "sha1-tSQ9jz7BqjXxNkYFvA0QNuMKtp8="
    },
    "xtend": {
      "version": "4.0.1",
      "resolved": "https://registry.npmjs.org/xtend/-/xtend-4.0.1.tgz",
      "integrity": "sha1-pcbVMr5lbiPbgg77lDofBJmNY68="
    },
    "y18n": {
      "version": "3.2.1",
      "resolved": "https://registry.npmjs.org/y18n/-/y18n-3.2.1.tgz",
      "integrity": "sha1-bRX7qITAhnnA136I53WegR4H+kE="
    },
    "yallist": {
      "version": "2.1.2",
      "resolved": "https://registry.npmjs.org/yallist/-/yallist-2.1.2.tgz",
      "integrity": "sha1-HBH5IY8HYImkfdUS+TxmmaaoHVI="
    },
    "yargs": {
      "version": "10.0.3",
      "resolved": "https://registry.npmjs.org/yargs/-/yargs-10.0.3.tgz",
      "integrity": "sha512-DqBpQ8NAUX4GyPP/ijDGHsJya4tYqLQrjPr95HNsr1YwL3+daCfvBwg7+gIC6IdJhR2kATh3hb61vjzMWEtjdw==",
      "requires": {
        "cliui": "3.2.0",
        "decamelize": "1.2.0",
        "find-up": "2.1.0",
        "get-caller-file": "1.0.2",
        "os-locale": "2.1.0",
        "require-directory": "2.1.1",
        "require-main-filename": "1.0.1",
        "set-blocking": "2.0.0",
        "string-width": "2.1.1",
        "which-module": "2.0.0",
        "y18n": "3.2.1",
        "yargs-parser": "8.0.0"
      }
    },
    "yargs-parser": {
      "version": "8.0.0",
      "resolved": "https://registry.npmjs.org/yargs-parser/-/yargs-parser-8.0.0.tgz",
      "integrity": "sha1-IdR2Mw5agieaS4gTRb8GYQLiGcY=",
      "requires": {
        "camelcase": "4.1.0"
      }
    }
  }
}
